
Microsoft Visual Studio Solution File, Format Version 12.00
# Visual Studio Version 17
VisualStudioVersion = 17.0.32014.148
MinimumVisualStudioVersion = 10.0.40219.1
Project("{8BC9CEB8-8B4A-11D0-8D11-00A0C91BC942}") = "lesson-7-hw", "lesson-7-hw\lesson-7-hw.vcxproj", "{C205E1BD-3C2B-4315-BC5F-8838F2CECFA7}"
EndProject
Project("{8BC9CEB8-8B4A-11D0-8D11-00A0C91BC942}") = "lesson-7-hw-hardmode", "lesson-7-hw-hardmode\lesson-7-hw-hardmode.vcxproj", "{47E2932C-0848-4496-AC99-F8FC9DD8EC55}"
EndProject
Project("{8BC9CEB8-8B4A-11D0-8D11-00A0C91BC942}") = "lesson-7-4-hardmode", "lesson-7-4-hardmode\lesson-7-4-hardmode.vcxproj", "{B986C1EE-A3D1-4C14-A995-0BC57A729F2B}"
EndProject
Global
	GlobalSection(SolutionConfigurationPlatforms) = preSolution
		Debug|x64 = Debug|x64
		Debug|x86 = Debug|x86
		Release|x64 = Release|x64
		Release|x86 = Release|x86
	EndGlobalSection
	GlobalSection(ProjectConfigurationPlatforms) = postSolution
		{C205E1BD-3C2B-4315-BC5F-8838F2CECFA7}.Debug|x64.ActiveCfg = Debug|x64
		{C205E1BD-3C2B-4315-BC5F-8838F2CECFA7}.Debug|x64.Build.0 = Debug|x64
		{C205E1BD-3C2B-4315-BC5F-8838F2CECFA7}.Debug|x86.ActiveCfg = Debug|Win32
		{C205E1BD-3C2B-4315-BC5F-8838F2CECFA7}.Debug|x86.Build.0 = Debug|Win32
		{C205E1BD-3C2B-4315-BC5F-8838F2CECFA7}.Release|x64.ActiveCfg = Release|x64
		{C205E1BD-3C2B-4315-BC5F-8838F2CECFA7}.Release|x64.Build.0 = Release|x64
		{C205E1BD-3C2B-4315-BC5F-8838F2CECFA7}.Release|x86.ActiveCfg = Release|Win32
		{C205E1BD-3C2B-4315-BC5F-8838F2CECFA7}.Release|x86.Build.0 = Release|Win32
		{47E2932C-0848-4496-AC99-F8FC9DD8EC55}.Debug|x64.ActiveCfg = Debug|x64
		{47E2932C-0848-4496-AC99-F8FC9DD8EC55}.Debug|x64.Build.0 = Debug|x64
		{47E2932C-0848-4496-AC99-F8FC9DD8EC55}.Debug|x86.ActiveCfg = Debug|Win32
		{47E2932C-0848-4496-AC99-F8FC9DD8EC55}.Debug|x86.Build.0 = Debug|Win32
		{47E2932C-0848-4496-AC99-F8FC9DD8EC55}.Release|x64.ActiveCfg = Release|x64
		{47E2932C-0848-4496-AC99-F8FC9DD8EC55}.Release|x64.Build.0 = Release|x64
		{47E2932C-0848-4496-AC99-F8FC9DD8EC55}.Release|x86.ActiveCfg = Release|Win32
		{47E2932C-0848-4496-AC99-F8FC9DD8EC55}.Release|x86.Build.0 = Release|Win32
		{B986C1EE-A3D1-4C14-A995-0BC57A729F2B}.Debug|x64.ActiveCfg = Debug|x64
		{B986C1EE-A3D1-4C14-A995-0BC57A729F2B}.Debug|x64.Build.0 = Debug|x64
		{B986C1EE-A3D1-4C14-A995-0BC57A729F2B}.Debug|x86.ActiveCfg = Debug|Win32
		{B986C1EE-A3D1-4C14-A995-0BC57A729F2B}.Debug|x86.Build.0 = Debug|Win32
		{B986C1EE-A3D1-4C14-A995-0BC57A729F2B}.Release|x64.ActiveCfg = Release|x64
		{B986C1EE-A3D1-4C14-A995-0BC57A729F2B}.Release|x64.Build.0 = Release|x64
		{B986C1EE-A3D1-4C14-A995-0BC57A729F2B}.Release|x86.ActiveCfg = Release|Win32
		{B986C1EE-A3D1-4C14-A995-0BC57A729F2B}.Release|x86.Build.0 = Release|Win32
	EndGlobalSection
	GlobalSection(SolutionProperties) = preSolution
		HideSolutionNode = FALSE
	EndGlobalSection
	GlobalSection(ExtensibilityGlobals) = postSolution
		SolutionGuid = {5B2B225E-A758-4FE5-8447-5B8D35AA482E}
	EndGlobalSection
EndGlobal
